# THIS IS AN AUTOGENERATED FILE. DO NOT EDIT THIS FILE DIRECTLY.
# yarn lockfile v1


"@github/auto-check-element@^5.2.0":
  version "5.4.1"
  resolved "https://registry.yarnpkg.com/@github/auto-check-element/-/auto-check-element-5.4.1.tgz#f2b56a26fa538448ec93a851c95f8dbe2cef6851"
  integrity sha512-AJeHV1ifpby5Hp2wJIzcsdIB5YAq869F7ilNv2GygTVpHOSCfYSS29/hJ5GGTLgfKpPRgTmJcMi5OetKR8eH1g==
  dependencies:
    "@github/mini-throttle" "^2.1.0"

"@github/auto-complete-element@^3.3.4":
  version "3.5.1"
  resolved "https://registry.yarnpkg.com/@github/auto-complete-element/-/auto-complete-element-3.5.1.tgz#ea14029cf4a8cc322e6e2121d08c2f35b0d49cdc"
  integrity sha512-7/g6Nz6Zz4/k0m/L0n+OEO29WZcXgXwLJn7Ql02UbIMR2ClFEZIwIvvzb+3fEECOyLpFrZC/JH7Svz9RYPc+wA==
  dependencies:
    "@github/combobox-nav" "^2.1.7"

"@github/catalyst@^1.6.0":
  version "1.6.0"
  resolved "https://registry.yarnpkg.com/@github/catalyst/-/catalyst-1.6.0.tgz#378734d1d2b6a85af169d7e66c1a2a604bf1e82c"
  integrity sha512-u8A+DameixqpeyHzvnJWTGj+wfiskQOYHzSiJscCWVfMkIT3rxnbHMtGh3lMthaRY21nbUOK71WcsCnCrXhBJQ==

"@github/clipboard-copy-element@^1.1.2":
  version "1.3.0"
  resolved "https://registry.yarnpkg.com/@github/clipboard-copy-element/-/clipboard-copy-element-1.3.0.tgz#d518d2aadb677c5c9560a54d7fd4b0d3abf00a9b"
  integrity sha512-wyntkQkwoLbLo+Hqg2LIVMXDIzcvUb9bSDz+clX6nVJItwzh103rHxdXFRZD+DmxVbuEW5xSznYQXkz1jZT+xg==

"@github/combobox-nav@^2.1.7":
  version "2.3.0"
  resolved "https://registry.yarnpkg.com/@github/combobox-nav/-/combobox-nav-2.3.0.tgz#032b42fcef1e3fad372cab52e054228c473c9398"
  integrity sha512-5CX03DbsLZ41dX5hKHyQKtg133U6lruX4TD9G0Zs4W8BpWy7lN8DJ6TYaeZN/V7x8K34coaqNYk/Y5ic7stfkg==

"@github/details-menu-element@^1.0.12":
  version "1.0.13"
  resolved "https://registry.yarnpkg.com/@github/details-menu-element/-/details-menu-element-1.0.13.tgz#d62263077b16bc7edc386e7b23f0ce41af1301b4"
  integrity sha512-gMkii86w/oUP5dq8yOWZn1sgbgtFj3AYETxxtpsqRggZktgd8te4+npAn4Hm+936c/lxmEzXqfjARL/CzGR4+w==

"@github/image-crop-element@^5.0.0":
  version "5.0.0"
  resolved "https://registry.yarnpkg.com/@github/image-crop-element/-/image-crop-element-5.0.0.tgz#6ae2c31f1e7dc355c41c3140554fb76ca7a71ef7"
  integrity sha512-Vgm2OwWAs1ESoib/t5sjxsAYo6YTOxxAjWDRxswX7qrqoyCejTZ3hshdo4Ep5e+Mz/GVTZC3rdMtg06dk/eT4g==

"@github/include-fragment-element@^6.1.1":
  version "6.3.0"
  resolved "https://registry.yarnpkg.com/@github/include-fragment-element/-/include-fragment-element-6.3.0.tgz#c93d6252b14f7c190af4ccd9d61884185a612492"
  integrity sha512-BJTt8ZE/arsbC9lQtTH8c1hZS0ZigiN+kzH54ffQ6MhHLT83h0OpSdS9NEVocPl2uuO6w3qxnEKTDzUGMQ5rdQ==

"@github/mini-throttle@^2.1.0":
  version "2.1.1"
  resolved "https://registry.yarnpkg.com/@github/mini-throttle/-/mini-throttle-2.1.1.tgz#c66db5c3b857aaf8c467de2528cd92f36f542ac5"
  integrity sha512-KtOPaB+FiKJ6jcKm9UKyaM5fPURHGf+xcp+b4Mzoi81hOc6M1sIGpMZMAVbNzfa2lW5+RPGKq888Px0j76OZ/A==

"@github/relative-time-element@^4.0.0":
  version "4.3.0"
  resolved "https://registry.yarnpkg.com/@github/relative-time-element/-/relative-time-element-4.3.0.tgz#3cb90ffbbe9a82c7242bdd9d54f2d74d555547cf"
  integrity sha512-+tFjX9//HRS1HnBa5cNgfEtE52arwiutYg1TOF+Trk40SPxst9Q8Rtc3BKD6aKsvfbtub68vfhipgchGjj9o7g==

"@github/tab-container-element@^3.1.2":
  version "3.3.0"
  resolved "https://registry.yarnpkg.com/@github/tab-container-element/-/tab-container-element-3.3.0.tgz#e7ab0e58dbd4ecca06fb1fca9b1612ac605b3ccb"
  integrity sha512-vHlN/GXgaJFJhh4oUYRh1pc4RAqduKlQOrEjVgSxR4JhLXsQcZ/hKWfCsRZAuZbSPzUGEYvggdieamS4FRSe4g==

"@oddbird/popover-polyfill@^0.2.1":
  version "0.2.3"
  resolved "https://registry.yarnpkg.com/@oddbird/popover-polyfill/-/popover-polyfill-0.2.3.tgz#5e373c332061a2fa9b9aa17fdec8dc3048623d3c"
  integrity sha512-XDK+V/gUeE4NEsWp79eVzhlK3wuVcRDJuaas63qo0IJLJpyOLHqycJLFYvuq8kebgT1nl87P3sbSb5ZN6Vyf5g==

"@primer/behaviors@^1.3.4":
  version "1.3.6"
  resolved "https://registry.yarnpkg.com/@primer/behaviors/-/behaviors-1.3.6.tgz#c8a48b3893476dccad6164ec9f00d7bd761a8e91"
  integrity sha512-gzryOl22EOzJSPT8pYbHZYHgcKEOw9KxG0L5XRL+cMaS767YGqZGoeF/YEaeJ3dEWMzqz93FPGSem3eo5PmPBA==

"@primer/css@^21.0.9":
  version "21.0.9"
  resolved "https://registry.yarnpkg.com/@primer/css/-/css-21.0.9.tgz#44e0dd6f57452a2d3397614e9150e92753adf3ad"
  integrity sha512-kk0TfLqtGwGYJ/qXGLMXDIL4d3qWPjlEB12Hvk08krulbsQRWEsnXjejBIvJG69GyOOuYxXNoHvP2NGenxQ8Jw==
  dependencies:
    "@primer/primitives" "^7.12.0"
    "@primer/view-components" "^0.5.1"

"@primer/primitives@^7.12.0":
  version "7.15.0"
  resolved "https://registry.yarnpkg.com/@primer/primitives/-/primitives-7.15.0.tgz#25e1958bc92f69963a4aef7c3bdc46bbec11f603"
  integrity sha512-ut010QMQT2YcQcn6gLHBC97YVN0ToR+7phxl+351hC94a7EgVR9GtwLOqopqU7el2w6iOrUndHBxDuUg1TBWhg==

"@primer/view-components@^0.5.1":
  version "0.5.1"
  resolved "https://registry.yarnpkg.com/@primer/view-components/-/view-components-0.5.1.tgz#5ea47ff3c76eb693af8cb1499e39f4545a112048"
  integrity sha512-TI51R4rVobwK6sWRhu7HRHC6yxud2I9P1sYN6o/fHhIq7QU31mJyv1PtD8nfhmOqN/SsRC6q3pnCbh5Qt1wD/g==
  dependencies:
    "@github/auto-check-element" "^5.2.0"
    "@github/auto-complete-element" "^3.3.4"
    "@github/catalyst" "^1.6.0"
    "@github/clipboard-copy-element" "^1.1.2"
    "@github/details-menu-element" "^1.0.12"
    "@github/image-crop-element" "^5.0.0"
    "@github/include-fragment-element" "^6.1.1"
    "@github/relative-time-element" "^4.0.0"
    "@github/tab-container-element" "^3.1.2"
    "@oddbird/popover-polyfill" "^0.2.1"
    "@primer/behaviors" "^1.3.4"

typescript@^5.2.2:
  version "5.2.2"
  resolved "https://registry.yarnpkg.com/typescript/-/typescript-5.2.2.tgz#5ebb5e5a5b75f085f22bc3f8460fba308310fa78"
  integrity sha512-mI4WrpHsbCIcwT9cF4FZvr80QUeKvsUsUvKDoR+X/7XHQH98xYD8YHZg7ANtz2GtZt/CBq2QJ0thkGJMHfqc1w==
